
Microsoft Visual Studio Solution File, Format Version 12.00
# Visual Studio 15
VisualStudioVersion = 15.0.26430.6
MinimumVisualStudioVersion = 10.0.40219.1
Project("{FAE04EC0-301F-11D3-BF4B-00C04F79EFBC}") = "LegoArena.ClassLibrary", "LegoArena.ClassLibrary\LegoArena.ClassLibrary.csproj", "{B69E4C5C-5250-4813-90D1-DFF9AB64D80C}"
EndProject
Project("{FAE04EC0-301F-11D3-BF4B-00C04F79EFBC}") = "Lego.Ev3.Desktop", "..\Lego.Ev3.Desktop\Lego.Ev3.Desktop.csproj", "{79C444DE-86F1-4AFF-903A-4B6ED31655EA}"
EndProject
Project("{FAE04EC0-301F-11D3-BF4B-00C04F79EFBC}") = "LegoArena.MainWindow", "LegoArena.MainWindow\LegoArena.MainWindow.csproj", "{3D1520D7-8220-46F9-9EB5-5084C234F016}"
EndProject
Project("{FAE04EC0-301F-11D3-BF4B-00C04F79EFBC}") = "LegoArena.Tests", "LegoArena.Tests\LegoArena.Tests.csproj", "{F6275BE4-7569-44B6-AD36-2052D809D414}"
EndProject
Global
	GlobalSection(SolutionConfigurationPlatforms) = preSolution
		Debug|Any CPU = Debug|Any CPU
		Release|Any CPU = Release|Any CPU
	EndGlobalSection
	GlobalSection(ProjectConfigurationPlatforms) = postSolution
		{B69E4C5C-5250-4813-90D1-DFF9AB64D80C}.Debug|Any CPU.ActiveCfg = Debug|Any CPU
		{B69E4C5C-5250-4813-90D1-DFF9AB64D80C}.Debug|Any CPU.Build.0 = Debug|Any CPU
		{B69E4C5C-5250-4813-90D1-DFF9AB64D80C}.Release|Any CPU.ActiveCfg = Release|Any CPU
		{B69E4C5C-5250-4813-90D1-DFF9AB64D80C}.Release|Any CPU.Build.0 = Release|Any CPU
		{79C444DE-86F1-4AFF-903A-4B6ED31655EA}.Debug|Any CPU.ActiveCfg = Debug|Any CPU
		{79C444DE-86F1-4AFF-903A-4B6ED31655EA}.Debug|Any CPU.Build.0 = Debug|Any CPU
		{79C444DE-86F1-4AFF-903A-4B6ED31655EA}.Release|Any CPU.ActiveCfg = Release|Any CPU
		{79C444DE-86F1-4AFF-903A-4B6ED31655EA}.Release|Any CPU.Build.0 = Release|Any CPU
		{3D1520D7-8220-46F9-9EB5-5084C234F016}.Debug|Any CPU.ActiveCfg = Debug|Any CPU
		{3D1520D7-8220-46F9-9EB5-5084C234F016}.Debug|Any CPU.Build.0 = Debug|Any CPU
		{3D1520D7-8220-46F9-9EB5-5084C234F016}.Release|Any CPU.ActiveCfg = Release|Any CPU
		{3D1520D7-8220-46F9-9EB5-5084C234F016}.Release|Any CPU.Build.0 = Release|Any CPU
		{F6275BE4-7569-44B6-AD36-2052D809D414}.Debug|Any CPU.ActiveCfg = Debug|Any CPU
		{F6275BE4-7569-44B6-AD36-2052D809D414}.Debug|Any CPU.Build.0 = Debug|Any CPU
		{F6275BE4-7569-44B6-AD36-2052D809D414}.Release|Any CPU.ActiveCfg = Release|Any CPU
		{F6275BE4-7569-44B6-AD36-2052D809D414}.Release|Any CPU.Build.0 = Release|Any CPU
	EndGlobalSection
	GlobalSection(SolutionProperties) = preSolution
		HideSolutionNode = FALSE
	EndGlobalSection
	GlobalSection(ExtensibilityGlobals) = postSolution
		SolutionGuid = {8E05C997-A7E9-498F-8988-70660085C4C1}
	EndGlobalSection
EndGlobal
